
Microsoft Visual Studio Solution File, Format Version 12.00
# Visual Studio Version 16
VisualStudioVersion = 16.0.30002.166
MinimumVisualStudioVersion = 10.0.40219.1
Project("{FAE04EC0-301F-11D3-BF4B-00C04F79EFBC}") = "Nadezhnost2", "Nadezhnost2.csproj", "{89164383-1B47-4151-882D-EBAC867CBE7F}"
EndProject
Global
	GlobalSection(SolutionConfigurationPlatforms) = preSolution
		Debug|Any CPU = Debug|Any CPU
		Release|Any CPU = Release|Any CPU
	EndGlobalSection
	GlobalSection(ProjectConfigurationPlatforms) = postSolution
		{89164383-1B47-4151-882D-EBAC867CBE7F}.Debug|Any CPU.ActiveCfg = Debug|Any CPU
		{89164383-1B47-4151-882D-EBAC867CBE7F}.Debug|Any CPU.Build.0 = Debug|Any CPU
		{89164383-1B47-4151-882D-EBAC867CBE7F}.Release|Any CPU.ActiveCfg = Release|Any CPU
		{89164383-1B47-4151-882D-EBAC867CBE7F}.Release|Any CPU.Build.0 = Release|Any CPU
	EndGlobalSection
	GlobalSection(SolutionProperties) = preSolution
		HideSolutionNode = FALSE
	EndGlobalSection
	GlobalSection(ExtensibilityGlobals) = postSolution
		SolutionGuid = {C96B0511-4D55-4779-AA7C-06D402380A0B}
	EndGlobalSection
EndGlobal
